
Microsoft Visual Studio Solution File, Format Version 12.00
# Visual Studio Version 17
VisualStudioVersion = 17.6.33829.357
MinimumVisualStudioVersion = 10.0.40219.1
Project("{8BC9CEB8-8B4A-11D0-8D11-00A0C91BC942}") = "StarRailSpeedCalculator", "StarRailSpeedCalculator.vcxproj", "{843D3E0F-87F7-4533-8168-7FDD19D9A6ED}"
EndProject
Global
	GlobalSection(SolutionConfigurationPlatforms) = preSolution
		Debug|x64 = Debug|x64
		Debug|x86 = Debug|x86
		Release|x64 = Release|x64
		Release|x86 = Release|x86
	EndGlobalSection
	GlobalSection(ProjectConfigurationPlatforms) = postSolution
		{843D3E0F-87F7-4533-8168-7FDD19D9A6ED}.Debug|x64.ActiveCfg = Debug|x64
		{843D3E0F-87F7-4533-8168-7FDD19D9A6ED}.Debug|x64.Build.0 = Debug|x64
		{843D3E0F-87F7-4533-8168-7FDD19D9A6ED}.Debug|x86.ActiveCfg = Debug|Win32
		{843D3E0F-87F7-4533-8168-7FDD19D9A6ED}.Debug|x86.Build.0 = Debug|Win32
		{843D3E0F-87F7-4533-8168-7FDD19D9A6ED}.Release|x64.ActiveCfg = Release|x64
		{843D3E0F-87F7-4533-8168-7FDD19D9A6ED}.Release|x64.Build.0 = Release|x64
		{843D3E0F-87F7-4533-8168-7FDD19D9A6ED}.Release|x86.ActiveCfg = Release|Win32
		{843D3E0F-87F7-4533-8168-7FDD19D9A6ED}.Release|x86.Build.0 = Release|Win32
	EndGlobalSection
	GlobalSection(SolutionProperties) = preSolution
		HideSolutionNode = FALSE
	EndGlobalSection
	GlobalSection(ExtensibilityGlobals) = postSolution
		SolutionGuid = {B881722F-3C09-40B6-BCBB-A9B3C753BFFD}
	EndGlobalSection
EndGlobal
